
Microsoft Visual Studio Solution File, Format Version 12.00
# Visual Studio 15
Project("{FAE04EC0-301F-11D3-BF4B-00C04F79EFBC}") = "RazorPagesMovie", "RazorPagesMovie\RazorPagesMovie.csproj", "{F9219A72-6473-4151-BF38-7FEAA2596792}"
EndProject
Global
	GlobalSection(SolutionConfigurationPlatforms) = preSolution
		Debug|Any CPU = Debug|Any CPU
		Release|Any CPU = Release|Any CPU
	EndGlobalSection
	GlobalSection(ProjectConfigurationPlatforms) = postSolution
		{F9219A72-6473-4151-BF38-7FEAA2596792}.Debug|Any CPU.ActiveCfg = Debug|Any CPU
		{F9219A72-6473-4151-BF38-7FEAA2596792}.Debug|Any CPU.Build.0 = Debug|Any CPU
		{F9219A72-6473-4151-BF38-7FEAA2596792}.Release|Any CPU.ActiveCfg = Release|Any CPU
		{F9219A72-6473-4151-BF38-7FEAA2596792}.Release|Any CPU.Build.0 = Release|Any CPU
	EndGlobalSection
EndGlobal
